// !$*UTF8*$!
{
	archiveVersion = 1;
	classes = {
	};
	objectVersion = 46;
	objects = {

/* Begin PBXBuildFile section */
		8CA6808419C1314A00B944CE /* Foundation.framework in Frameworks */ = {isa = PBXBuildFile; fileRef = 8CA6808319C1314A00B944CE /* Foundation.framework */; };
		8CA6808619C1314A00B944CE /* CoreGraphics.framework in Frameworks */ = {isa = PBXBuildFile; fileRef = 8CA6808519C1314A00B944CE /* CoreGraphics.framework */; };
		8CA6808819C1314A00B944CE /* UIKit.framework in Frameworks */ = {isa = PBXBuildFile; fileRef = 8CA6808719C1314A00B944CE /* UIKit.framework */; };
		8CA6808E19C1314A00B944CE /* InfoPlist.strings in Resources */ = {isa = PBXBuildFile; fileRef = 8CA6808C19C1314A00B944CE /* InfoPlist.strings */; };
		8CA6809019C1314A00B944CE /* main.m in Sources */ = {isa = PBXBuildFile; fileRef = 8CA6808F19C1314A00B944CE /* main.m */; };
		8CA6809419C1314A00B944CE /* PYAppDelegate.m in Sources */ = {isa = PBXBuildFile; fileRef = 8CA6809319C1314A00B944CE /* PYAppDelegate.m */; };
		8CA6809619C1314A00B944CE /* Images.xcassets in Resources */ = {isa = PBXBuildFile; fileRef = 8CA6809519C1314A00B944CE /* Images.xcassets */; };
		8CA6809D19C1314A00B944CE /* XCTest.framework in Frameworks */ = {isa = PBXBuildFile; fileRef = 8CA6809C19C1314A00B944CE /* XCTest.framework */; };
		8CA6809E19C1314B00B944CE /* Foundation.framework in Frameworks */ = {isa = PBXBuildFile; fileRef = 8CA6808319C1314A00B944CE /* Foundation.framework */; };
		8CA6809F19C1314B00B944CE /* UIKit.framework in Frameworks */ = {isa = PBXBuildFile; fileRef = 8CA6808719C1314A00B944CE /* UIKit.framework */; };
		8CA680A719C1314B00B944CE /* InfoPlist.strings in Resources */ = {isa = PBXBuildFile; fileRef = 8CA680A519C1314B00B944CE /* InfoPlist.strings */; };
		8CA680A919C1314B00B944CE /* viewTestTests.m in Sources */ = {isa = PBXBuildFile; fileRef = 8CA680A819C1314B00B944CE /* viewTestTests.m */; };
		8CA680B419C131E800B944CE /* PYSimpleView.m in Sources */ = {isa = PBXBuildFile; fileRef = 8CA680B319C131E800B944CE /* PYSimpleView.m */; };
/* End PBXBuildFile section */

/* Begin PBXContainerItemProxy section */
		8CA680A019C1314B00B944CE /* PBXContainerItemProxy */ = {
			isa = PBXContainerItemProxy;
			containerPortal = 8CA6807819C1314A00B944CE /* Project object */;
			proxyType = 1;
			remoteGlobalIDString = 8CA6807F19C1314A00B944CE;
			remoteInfo = viewTest;
		};
/* End PBXContainerItemProxy section */

/* Begin PBXFileReference section */
		8CA6808019C1314A00B944CE /* viewTest.app */ = {isa = PBXFileReference; explicitFileType = wrapper.application; includeInIndex = 0; path = viewTest.app; sourceTree = BUILT_PRODUCTS_DIR; };
		8CA6808319C1314A00B944CE /* Foundation.framework */ = {isa = PBXFileReference; lastKnownFileType = wrapper.framework; name = Foundation.framework; path = System/Library/Frameworks/Foundation.framework; sourceTree = SDKROOT; };
		8CA6808519C1314A00B944CE /* CoreGraphics.framework */ = {isa = PBXFileReference; lastKnownFileType = wrapper.framework; name = CoreGraphics.framework; path = System/Library/Frameworks/CoreGraphics.framework; sourceTree = SDKROOT; };
		8CA6808719C1314A00B944CE /* UIKit.framework */ = {isa = PBXFileReference; lastKnownFileType = wrapper.framework; name = UIKit.framework; path = System/Library/Frameworks/UIKit.framework; sourceTree = SDKROOT; };
		8CA6808B19C1314A00B944CE /* viewTest-Info.plist */ = {isa = PBXFileReference; lastKnownFileType = text.plist.xml; path = "viewTest-Info.plist"; sourceTree = "<group>"; };
		8CA6808D19C1314A00B944CE /* en */ = {isa = PBXFileReference; lastKnownFileType = text.plist.strings; name = en; path = en.lproj/InfoPlist.strings; sourceTree = "<group>"; };
		8CA6808F19C1314A00B944CE /* main.m */ = {isa = PBXFileReference; lastKnownFileType = sourcecode.c.objc; path = main.m; sourceTree = "<group>"; };
		8CA6809119C1314A00B944CE /* viewTest-Prefix.pch */ = {isa = PBXFileReference; lastKnownFileType = sourcecode.c.h; path = "viewTest-Prefix.pch"; sourceTree = "<group>"; };
		8CA6809219C1314A00B944CE /* PYAppDelegate.h */ = {isa = PBXFileReference; lastKnownFileType = sourcecode.c.h; path = PYAppDelegate.h; sourceTree = "<group>"; };
		8CA6809319C1314A00B944CE /* PYAppDelegate.m */ = {isa = PBXFileReference; lastKnownFileType = sourcecode.c.objc; path = PYAppDelegate.m; sourceTree = "<group>"; };
		8CA6809519C1314A00B944CE /* Images.xcassets */ = {isa = PBXFileReference; lastKnownFileType = folder.assetcatalog; path = Images.xcassets; sourceTree = "<group>"; };
		8CA6809B19C1314A00B944CE /* viewTestTests.xctest */ = {isa = PBXFileReference; explicitFileType = wrapper.cfbundle; includeInIndex = 0; path = viewTestTests.xctest; sourceTree = BUILT_PRODUCTS_DIR; };
		8CA6809C19C1314A00B944CE /* XCTest.framework */ = {isa = PBXFileReference; lastKnownFileType = wrapper.framework; name = XCTest.framework; path = Library/Frameworks/XCTest.framework; sourceTree = DEVELOPER_DIR; };
		8CA680A419C1314B00B944CE /* viewTestTests-Info.plist */ = {isa = PBXFileReference; lastKnownFileType = text.plist.xml; path = "viewTestTests-Info.plist"; sourceTree = "<group>"; };
		8CA680A619C1314B00B944CE /* en */ = {isa = PBXFileReference; lastKnownFileType = text.plist.strings; name = en; path = en.lproj/InfoPlist.strings; sourceTree = "<group>"; };
		8CA680A819C1314B00B944CE /* viewTestTests.m */ = {isa = PBXFileReference; lastKnownFileType = sourcecode.c.objc; path = viewTestTests.m; sourceTree = "<group>"; };
		8CA680B219C131E800B944CE /* PYSimpleView.h */ = {isa = PBXFileReference; fileEncoding = 4; lastKnownFileType = sourcecode.c.h; path = PYSimpleView.h; sourceTree = "<group>"; };
		8CA680B319C131E800B944CE /* PYSimpleView.m */ = {isa = PBXFileReference; fileEncoding = 4; lastKnownFileType = sourcecode.c.objc; path = PYSimpleView.m; sourceTree = "<group>"; };
/* End PBXFileReference section */

/* Begin PBXFrameworksBuildPhase section */
		8CA6807D19C1314A00B944CE /* Frameworks */ = {
			isa = PBXFrameworksBuildPhase;
			buildActionMask = 2147483647;
			files = (
				8CA6808619C1314A00B944CE /* CoreGraphics.framework in Frameworks */,
				8CA6808819C1314A00B944CE /* UIKit.framework in Frameworks */,
				8CA6808419C1314A00B944CE /* Foundation.framework in Frameworks */,
			);
			runOnlyForDeploymentPostprocessing = 0;
		};
		8CA6809819C1314A00B944CE /* Frameworks */ = {
			isa = PBXFrameworksBuildPhase;
			buildActionMask = 2147483647;
			files = (
				8CA6809D19C1314A00B944CE /* XCTest.framework in Frameworks */,
				8CA6809F19C1314B00B944CE /* UIKit.framework in Frameworks */,
				8CA6809E19C1314B00B944CE /* Foundation.framework in Frameworks */,
			);
			runOnlyForDeploymentPostprocessing = 0;
		};
/* End PBXFrameworksBuildPhase section */

/* Begin PBXGroup section */
		8CA6807719C1314A00B944CE = {
			isa = PBXGroup;
			children = (
				8CA6808919C1314A00B944CE /* viewTest */,
				8CA680A219C1314B00B944CE /* viewTestTests */,
				8CA6808219C1314A00B944CE /* Frameworks */,
				8CA6808119C1314A00B944CE /* Products */,
			);
			sourceTree = "<group>";
		};
		8CA6808119C1314A00B944CE /* Products */ = {
			isa = PBXGroup;
			children = (
				8CA6808019C1314A00B944CE /* viewTest.app */,
				8CA6809B19C1314A00B944CE /* viewTestTests.xctest */,
			);
			name = Products;
			sourceTree = "<group>";
		};
		8CA6808219C1314A00B944CE /* Frameworks */ = {
			isa = PBXGroup;
			children = (
				8CA6808319C1314A00B944CE /* Foundation.framework */,
				8CA6808519C1314A00B944CE /* CoreGraphics.framework */,
				8CA6808719C1314A00B944CE /* UIKit.framework */,
				8CA6809C19C1314A00B944CE /* XCTest.framework */,
			);
			name = Frameworks;
			sourceTree = "<group>";
		};
		8CA6808919C1314A00B944CE /* viewTest */ = {
			isa = PBXGroup;
			children = (
				8CA6809219C1314A00B944CE /* PYAppDelegate.h */,
				8CA6809319C1314A00B944CE /* PYAppDelegate.m */,
				8CA680B219C131E800B944CE /* PYSimpleView.h */,
				8CA680B319C131E800B944CE /* PYSimpleView.m */,
				8CA6809519C1314A00B944CE /* Images.xcassets */,
				8CA6808A19C1314A00B944CE /* Supporting Files */,
			);
			path = viewTest;
			sourceTree = "<group>";
		};
		8CA6808A19C1314A00B944CE /* Supporting Files */ = {
			isa = PBXGroup;
			children = (
				8CA6808B19C1314A00B944CE /* viewTest-Info.plist */,
				8CA6808C19C1314A00B944CE /* InfoPlist.strings */,
				8CA6808F19C1314A00B944CE /* main.m */,
				8CA6809119C1314A00B944CE /* viewTest-Prefix.pch */,
			);
			name = "Supporting Files";
			sourceTree = "<group>";
		};
		8CA680A219C1314B00B944CE /* viewTestTests */ = {
			isa = PBXGroup;
			children = (
				8CA680A819C1314B00B944CE /* viewTestTests.m */,
				8CA680A319C1314B00B944CE /* Supporting Files */,
			);
			path = viewTestTests;
			sourceTree = "<group>";
		};
		8CA680A319C1314B00B944CE /* Supporting Files */ = {
			isa = PBXGroup;
			children = (
				8CA680A419C1314B00B944CE /* viewTestTests-Info.plist */,
				8CA680A519C1314B00B944CE /* InfoPlist.strings */,
			);
			name = "Supporting Files";
			sourceTree = "<group>";
		};
/* End PBXGroup section */

/* Begin PBXNativeTarget section */
		8CA6807F19C1314A00B944CE /* viewTest */ = {
			isa = PBXNativeTarget;
			buildConfigurationList = 8CA680AC19C1314B00B944CE /* Build configuration list for PBXNativeTarget "viewTest" */;
			buildPhases = (
				8CA6807C19C1314A00B944CE /* Sources */,
				8CA6807D19C1314A00B944CE /* Frameworks */,
				8CA6807E19C1314A00B944CE /* Resources */,
			);
			buildRules = (
			);
			dependencies = (
			);
			name = viewTest;
			productName = viewTest;
			productReference = 8CA6808019C1314A00B944CE /* viewTest.app */;
			productType = "com.apple.product-type.application";
		};
		8CA6809A19C1314A00B944CE /* viewTestTests */ = {
			isa = PBXNativeTarget;
			buildConfigurationList = 8CA680AF19C1314B00B944CE /* Build configuration list for PBXNativeTarget "viewTestTests" */;
			buildPhases = (
				8CA6809719C1314A00B944CE /* Sources */,
				8CA6809819C1314A00B944CE /* Frameworks */,
				8CA6809919C1314A00B944CE /* Resources */,
			);
			buildRules = (
			);
			dependencies = (
				8CA680A119C1314B00B944CE /* PBXTargetDependency */,
			);
			name = viewTestTests;
			productName = viewTestTests;
			productReference = 8CA6809B19C1314A00B944CE /* viewTestTests.xctest */;
			productType = "com.apple.product-type.bundle.unit-test";
		};
/* End PBXNativeTarget section */

/* Begin PBXProject section */
		8CA6807819C1314A00B944CE /* Project object */ = {
			isa = PBXProject;
			attributes = {
				CLASSPREFIX = PY;
				LastUpgradeCheck = 0510;
				ORGANIZATIONNAME = "Paula Yuan";
				TargetAttributes = {
					8CA6809A19C1314A00B944CE = {
						TestTargetID = 8CA6807F19C1314A00B944CE;
					};
				};
			};
			buildConfigurationList = 8CA6807B19C1314A00B944CE /* Build configuration list for PBXProject "viewTest" */;
			compatibilityVersion = "Xcode 3.2";
			developmentRegion = English;
			hasScannedForEncodings = 0;
			knownRegions = (
				en,
			);
			mainGroup = 8CA6807719C1314A00B944CE;
			productRefGroup = 8CA6808119C1314A00B944CE /* Products */;
			projectDirPath = "";
			projectRoot = "";
			targets = (
				8CA6807F19C1314A00B944CE /* viewTest */,
				8CA6809A19C1314A00B944CE /* viewTestTests */,
			);
		};
/* End PBXProject section */

/* Begin PBXResourcesBuildPhase section */
		8CA6807E19C1314A00B944CE /* Resources */ = {
			isa = PBXResourcesBuildPhase;
			buildActionMask = 2147483647;
			files = (
				8CA6808E19C1314A00B944CE /* InfoPlist.strings in Resources */,
				8CA6809619C1314A00B944CE /* Images.xcassets in Resources */,
			);
			runOnlyForDeploymentPostprocessing = 0;
		};
		8CA6809919C1314A00B944CE /* Resources */ = {
			isa = PBXResourcesBuildPhase;
			buildActionMask = 2147483647;
			files = (
				8CA680A719C1314B00B944CE /* InfoPlist.strings in Resources */,
			);
			runOnlyForDeploymentPostprocessing = 0;
		};
/* End PBXResourcesBuildPhase section */

/* Begin PBXSourcesBuildPhase section */
		8CA6807C19C1314A00B944CE /* Sources */ = {
			isa = PBXSourcesBuildPhase;
			buildActionMask = 2147483647;
			files = (
				8CA680B419C131E800B944CE /* PYSimpleView.m in Sources */,
				8CA6809019C1314A00B944CE /* main.m in Sources */,
				8CA6809419C1314A00B944CE /* PYAppDelegate.m in Sources */,
			);
			runOnlyForDeploymentPostprocessing = 0;
		};
		8CA6809719C1314A00B944CE /* Sources */ = {
			isa = PBXSourcesBuildPhase;
			buildActionMask = 2147483647;
			files = (
				8CA680A919C1314B00B944CE /* viewTestTests.m in Sources */,
			);
			runOnlyForDeploymentPostprocessing = 0;
		};
/* End PBXSourcesBuildPhase section */

/* Begin PBXTargetDependency section */
		8CA680A119C1314B00B944CE /* PBXTargetDependency */ = {
			isa = PBXTargetDependency;
			target = 8CA6807F19C1314A00B944CE /* viewTest */;
			targetProxy = 8CA680A019C1314B00B944CE /* PBXContainerItemProxy */;
		};
/* End PBXTargetDependency section */

/* Begin PBXVariantGroup section */
		8CA6808C19C1314A00B944CE /* InfoPlist.strings */ = {
			isa = PBXVariantGroup;
			children = (
				8CA6808D19C1314A00B944CE /* en */,
			);
			name = InfoPlist.strings;
			sourceTree = "<group>";
		};
		8CA680A519C1314B00B944CE /* InfoPlist.strings */ = {
			isa = PBXVariantGroup;
			children = (
				8CA680A619C1314B00B944CE /* en */,
			);
			name = InfoPlist.strings;
			sourceTree = "<group>";
		};
/* End PBXVariantGroup section */

/* Begin XCBuildConfiguration section */
		8CA680AA19C1314B00B944CE /* Debug */ = {
			isa = XCBuildConfiguration;
			buildSettings = {
				ALWAYS_SEARCH_USER_PATHS = NO;
				CLANG_CXX_LANGUAGE_STANDARD = "gnu++0x";
				CLANG_CXX_LIBRARY = "libc++";
				CLANG_ENABLE_MODULES = YES;
				CLANG_ENABLE_OBJC_ARC = YES;
				CLANG_WARN_BOOL_CONVERSION = YES;
				CLANG_WARN_CONSTANT_CONVERSION = YES;
				CLANG_WARN_DIRECT_OBJC_ISA_USAGE = YES_ERROR;
				CLANG_WARN_EMPTY_BODY = YES;
				CLANG_WARN_ENUM_CONVERSION = YES;
				CLANG_WARN_INT_CONVERSION = YES;
				CLANG_WARN_OBJC_ROOT_CLASS = YES_ERROR;
				CLANG_WARN__DUPLICATE_METHOD_MATCH = YES;
				"CODE_SIGN_IDENTITY[sdk=iphoneos*]" = "iPhone Developer";
				COPY_PHASE_STRIP = NO;
				GCC_C_LANGUAGE_STANDARD = gnu99;
				GCC_DYNAMIC_NO_PIC = NO;
				GCC_OPTIMIZATION_LEVEL = 0;
				GCC_PREPROCESSOR_DEFINITIONS = (
					"DEBUG=1",
					"$(inherited)",
				);
				GCC_SYMBOLS_PRIVATE_EXTERN = NO;
				GCC_WARN_64_TO_32_BIT_CONVERSION = YES;
				GCC_WARN_ABOUT_RETURN_TYPE = YES_ERROR;
				GCC_WARN_UNDECLARED_SELECTOR = YES;
				GCC_WARN_UNINITIALIZED_AUTOS = YES_AGGRESSIVE;
				GCC_WARN_UNUSED_FUNCTION = YES;
				GCC_WARN_UNUSED_VARIABLE = YES;
				IPHONEOS_DEPLOYMENT_TARGET = 7.1;
				ONLY_ACTIVE_ARCH = YES;
				SDKROOT = iphoneos;
			};
			name = Debug;
		};
		8CA680AB19C1314B00B944CE /* Release */ = {
			isa = XCBuildConfiguration;
			buildSettings = {
				ALWAYS_SEARCH_USER_PATHS = NO;
				CLANG_CXX_LANGUAGE_STANDARD = "gnu++0x";
				CLANG_CXX_LIBRARY = "libc++";
				CLANG_ENABLE_MODULES = YES;
				CLANG_ENABLE_OBJC_ARC = YES;
				CLANG_WARN_BOOL_CONVERSION = YES;
				CLANG_WARN_CONSTANT_CONVERSION = YES;
				CLANG_WARN_DIRECT_OBJC_ISA_USAGE = YES_ERROR;
				CLANG_WARN_EMPTY_BODY = YES;
				CLANG_WARN_ENUM_CONVERSION = YES;
				CLANG_WARN_INT_CONVERSION = YES;
				CLANG_WARN_OBJC_ROOT_CLASS = YES_ERROR;
				CLANG_WARN__DUPLICATE_METHOD_MATCH = YES;
				"CODE_SIGN_IDENTITY[sdk=iphoneos*]" = "iPhone Developer";
				COPY_PHASE_STRIP = YES;
				ENABLE_NS_ASSERTIONS = NO;
				GCC_C_LANGUAGE_STANDARD = gnu99;
				GCC_WARN_64_TO_32_BIT_CONVERSION = YES;
				GCC_WARN_ABOUT_RETURN_TYPE = YES_ERROR;
				GCC_WARN_UNDECLARED_SELECTOR = YES;
				GCC_WARN_UNINITIALIZED_AUTOS = YES_AGGRESSIVE;
				GCC_WARN_UNUSED_FUNCTION = YES;
				GCC_WARN_UNUSED_VARIABLE = YES;
				IPHONEOS_DEPLOYMENT_TARGET = 7.1;
				SDKROOT = iphoneos;
				VALIDATE_PRODUCT = YES;
			};
			name = Release;
		};
		8CA680AD19C1314B00B944CE /* Debug */ = {
			isa = XCBuildConfiguration;
			buildSettings = {
				ASSETCATALOG_COMPILER_APPICON_NAME = AppIcon;
				ASSETCATALOG_COMPILER_LAUNCHIMAGE_NAME = LaunchImage;
				GCC_PRECOMPILE_PREFIX_HEADER = YES;
				GCC_PREFIX_HEADER = "viewTest/viewTest-Prefix.pch";
				INFOPLIST_FILE = "viewTest/viewTest-Info.plist";
				PRODUCT_NAME = "$(TARGET_NAME)";
				WRAPPER_EXTENSION = app;
			};
			name = Debug;
		};
		8CA680AE19C1314B00B944CE /* Release */ = {
			isa = XCBuildConfiguration;
			buildSettings = {
				ASSETCATALOG_COMPILER_APPICON_NAME = AppIcon;
				ASSETCATALOG_COMPILER_LAUNCHIMAGE_NAME = LaunchImage;
				GCC_PRECOMPILE_PREFIX_HEADER = YES;
				GCC_PREFIX_HEADER = "viewTest/viewTest-Prefix.pch";
				INFOPLIST_FILE = "viewTest/viewTest-Info.plist";
				PRODUCT_NAME = "$(TARGET_NAME)";
				WRAPPER_EXTENSION = app;
			};
			name = Release;
		};
		8CA680B019C1314B00B944CE /* Debug */ = {
			isa = XCBuildConfiguration;
			buildSettings = {
				BUNDLE_LOADER = "$(BUILT_PRODUCTS_DIR)/viewTest.app/viewTest";
				FRAMEWORK_SEARCH_PATHS = (
					"$(SDKROOT)/Developer/Library/Frameworks",
					"$(inherited)",
					"$(DEVELOPER_FRAMEWORKS_DIR)",
				);
				GCC_PRECOMPILE_PREFIX_HEADER = YES;
				GCC_PREFIX_HEADER = "viewTest/viewTest-Prefix.pch";
				GCC_PREPROCESSOR_DEFINITIONS = (
					"DEBUG=1",
					"$(inherited)",
				);
				INFOPLIST_FILE = "viewTestTests/viewTestTests-Info.plist";
				PRODUCT_NAME = "$(TARGET_NAME)";
				TEST_HOST = "$(BUNDLE_LOADER)";
				WRAPPER_EXTENSION = xctest;
			};
			name = Debug;
		};
		8CA680B119C1314B00B944CE /* Release */ = {
			isa = XCBuildConfiguration;
			buildSettings = {
				BUNDLE_LOADER = "$(BUILT_PRODUCTS_DIR)/viewTest.app/viewTest";
				FRAMEWORK_SEARCH_PATHS = (
					"$(SDKROOT)/Developer/Library/Frameworks",
					"$(inherited)",
					"$(DEVELOPER_FRAMEWORKS_DIR)",
				);
				GCC_PRECOMPILE_PREFIX_HEADER = YES;
				GCC_PREFIX_HEADER = "viewTest/viewTest-Prefix.pch";
				INFOPLIST_FILE = "viewTestTests/viewTestTests-Info.plist";
				PRODUCT_NAME = "$(TARGET_NAME)";
				TEST_HOST = "$(BUNDLE_LOADER)";
				WRAPPER_EXTENSION = xctest;
			};
			name = Release;
		};
/* End XCBuildConfiguration section */

/* Begin XCConfigurationList section */
		8CA6807B19C1314A00B944CE /* Build configuration list for PBXProject "viewTest" */ = {
			isa = XCConfigurationList;
			buildConfigurations = (
				8CA680AA19C1314B00B944CE /* Debug */,
				8CA680AB19C1314B00B944CE /* Release */,
			);
			defaultConfigurationIsVisible = 0;
			defaultConfigurationName = Release;
		};
		8CA680AC19C1314B00B944CE /* Build configuration list for PBXNativeTarget "viewTest" */ = {
			isa = XCConfigurationList;
			buildConfigurations = (
				8CA680AD19C1314B00B944CE /* Debug */,
				8CA680AE19C1314B00B944CE /* Release */,
			);
			defaultConfigurationIsVisible = 0;
		};
		8CA680AF19C1314B00B944CE /* Build configuration list for PBXNativeTarget "viewTestTests" */ = {
			isa = XCConfigurationList;
			buildConfigurations = (
				8CA680B019C1314B00B944CE /* Debug */,
				8CA680B119C1314B00B944CE /* Release */,
			);
			defaultConfigurationIsVisible = 0;
		};
/* End XCConfigurationList section */
	};
	rootObject = 8CA6807819C1314A00B944CE /* Project object */;
}
